{
    "debril/feed-io": {
        "version": "v4.5.2"
    },
    "doctrine/data-fixtures": {
        "version": "1.4.2"
    },
    "doctrine/doctrine-fixtures-bundle": {
        "version": "3.0",
        "recipe": {
            "repo": "github.com/symfony/recipes",
            "branch": "master",
            "version": "3.0",
            "ref": "fc52d86631a6dfd9fdf3381d0b7e3df2069e51b3"
        },
        "files": [
            "src/DataFixtures/AppFixtures.php"
        ]
    },
    "guzzlehttp/guzzle": {
        "version": "6.5.2"
    },
    "guzzlehttp/promises": {
        "version": "v1.3.1"
    },
    "guzzlehttp/psr7": {
        "version": "1.6.1"
    },
    "lcobucci/jwt": {
        "version": "3.3.1"
    },
    "lexik/jwt-authentication-bundle": {
        "version": "2.5",
        "recipe": {
            "repo": "github.com/symfony/recipes",
            "branch": "master",
            "version": "2.5",
            "ref": "5b2157bcd5778166a5696e42f552ad36529a07a6"
        },
        "files": [
            "config/packages/lexik_jwt_authentication.yaml"
        ]
    },
    "liip/test-fixtures-bundle": {
        "version": "1.6.0"
    },
    "namshi/jose": {
        "version": "7.2.3"
    },
    "php": {
        "version": "7.4"
    },
    "psr/http-message": {
        "version": "1.0.1"
    },
    "ralouphie/getallheaders": {
        "version": "3.0.3"
    }
}
